
Microsoft Visual Studio Solution File, Format Version 12.00
# Visual Studio Version 17
VisualStudioVersion = 17.11.35312.102
MinimumVisualStudioVersion = 10.0.40219.1
Project("{9A19103F-16F7-4668-BE54-9A1E7A4F7556}") = "ProductSearch.Tests", "ProductSearch.Tests.csproj", "{6236CC58-B9A1-4223-890F-2D8534027CAE}"
EndProject
Global
	GlobalSection(SolutionConfigurationPlatforms) = preSolution
		Debug|Any CPU = Debug|Any CPU
		Release|Any CPU = Release|Any CPU
	EndGlobalSection
	GlobalSection(ProjectConfigurationPlatforms) = postSolution
		{6236CC58-B9A1-4223-890F-2D8534027CAE}.Debug|Any CPU.ActiveCfg = Debug|Any CPU
		{6236CC58-B9A1-4223-890F-2D8534027CAE}.Debug|Any CPU.Build.0 = Debug|Any CPU
		{6236CC58-B9A1-4223-890F-2D8534027CAE}.Release|Any CPU.ActiveCfg = Release|Any CPU
		{6236CC58-B9A1-4223-890F-2D8534027CAE}.Release|Any CPU.Build.0 = Release|Any CPU
	EndGlobalSection
	GlobalSection(SolutionProperties) = preSolution
		HideSolutionNode = FALSE
	EndGlobalSection
	GlobalSection(ExtensibilityGlobals) = postSolution
		SolutionGuid = {A0D853AA-DA04-4720-9200-B8EC398879F3}
	EndGlobalSection
EndGlobal
